
Microsoft Visual Studio Solution File, Format Version 12.00
# Visual Studio Version 17
VisualStudioVersion = 17.10.34818.151
MinimumVisualStudioVersion = 10.0.40219.1
Project("{FAE04EC0-301F-11D3-BF4B-00C04F79EFBC}") = "ParkingApplication", "ParkingApplication.csproj", "{14C5A9B3-9850-4D0D-B088-20C45B5046FE}"
EndProject
Global
	GlobalSection(SolutionConfigurationPlatforms) = preSolution
		Debug|Any CPU = Debug|Any CPU
		Release|Any CPU = Release|Any CPU
	EndGlobalSection
	GlobalSection(ProjectConfigurationPlatforms) = postSolution
		{14C5A9B3-9850-4D0D-B088-20C45B5046FE}.Debug|Any CPU.ActiveCfg = Debug|Any CPU
		{14C5A9B3-9850-4D0D-B088-20C45B5046FE}.Debug|Any CPU.Build.0 = Debug|Any CPU
		{14C5A9B3-9850-4D0D-B088-20C45B5046FE}.Release|Any CPU.ActiveCfg = Release|Any CPU
		{14C5A9B3-9850-4D0D-B088-20C45B5046FE}.Release|Any CPU.Build.0 = Release|Any CPU
	EndGlobalSection
	GlobalSection(SolutionProperties) = preSolution
		HideSolutionNode = FALSE
	EndGlobalSection
	GlobalSection(ExtensibilityGlobals) = postSolution
		SolutionGuid = {B606125B-F825-4A98-8E3C-20F05720ADBD}
	EndGlobalSection
EndGlobal
